
Microsoft Visual Studio Solution File, Format Version 12.00
# Visual Studio Version 17
VisualStudioVersion = 17.8.34525.116
MinimumVisualStudioVersion = 10.0.40219.1
Project("{FAE04EC0-301F-11D3-BF4B-00C04F79EFBC}") = "Lista1Ex10", "Lista1Ex10\Lista1Ex10.csproj", "{DF4D497D-5A2A-4752-A978-DD658599B192}"
EndProject
Global
	GlobalSection(SolutionConfigurationPlatforms) = preSolution
		Debug|Any CPU = Debug|Any CPU
		Release|Any CPU = Release|Any CPU
	EndGlobalSection
	GlobalSection(ProjectConfigurationPlatforms) = postSolution
		{DF4D497D-5A2A-4752-A978-DD658599B192}.Debug|Any CPU.ActiveCfg = Debug|Any CPU
		{DF4D497D-5A2A-4752-A978-DD658599B192}.Debug|Any CPU.Build.0 = Debug|Any CPU
		{DF4D497D-5A2A-4752-A978-DD658599B192}.Release|Any CPU.ActiveCfg = Release|Any CPU
		{DF4D497D-5A2A-4752-A978-DD658599B192}.Release|Any CPU.Build.0 = Release|Any CPU
	EndGlobalSection
	GlobalSection(SolutionProperties) = preSolution
		HideSolutionNode = FALSE
	EndGlobalSection
	GlobalSection(ExtensibilityGlobals) = postSolution
		SolutionGuid = {31772768-3BF4-46BA-9636-8F544DD55E9F}
	EndGlobalSection
EndGlobal
